
Microsoft Visual Studio Solution File, Format Version 12.00
# Visual Studio Version 16
VisualStudioVersion = 16.0.31205.134
MinimumVisualStudioVersion = 10.0.40219.1
Project("{FAE04EC0-301F-11D3-BF4B-00C04F79EFBC}") = "MacroNet", "MacroNet\MacroNet.csproj", "{1CBD2D16-B30B-493F-810C-2A73558400E7}"
EndProject
Global
	GlobalSection(SolutionConfigurationPlatforms) = preSolution
		Debug|Any CPU = Debug|Any CPU
		Release|Any CPU = Release|Any CPU
	EndGlobalSection
	GlobalSection(ProjectConfigurationPlatforms) = postSolution
		{1CBD2D16-B30B-493F-810C-2A73558400E7}.Debug|Any CPU.ActiveCfg = Debug|Any CPU
		{1CBD2D16-B30B-493F-810C-2A73558400E7}.Debug|Any CPU.Build.0 = Debug|Any CPU
		{1CBD2D16-B30B-493F-810C-2A73558400E7}.Release|Any CPU.ActiveCfg = Release|Any CPU
		{1CBD2D16-B30B-493F-810C-2A73558400E7}.Release|Any CPU.Build.0 = Release|Any CPU
	EndGlobalSection
	GlobalSection(SolutionProperties) = preSolution
		HideSolutionNode = FALSE
	EndGlobalSection
	GlobalSection(ExtensibilityGlobals) = postSolution
		SolutionGuid = {320CAFEE-D909-40A7-95C2-3E288A5D7E32}
	EndGlobalSection
EndGlobal
